
Microsoft Visual Studio Solution File, Format Version 12.00
# Visual Studio Version 17
VisualStudioVersion = 17.5.002.0
MinimumVisualStudioVersion = 10.0.40219.1
Project("{9A19103F-16F7-4668-BE54-9A1E7A4F7556}") = "kyopro_tessoku", "kyopro_tessoku\kyopro_tessoku.csproj", "{827E28B0-E8B7-4314-86FC-19CC06019C82}"
EndProject
Project("{2150E333-8FDC-42A3-9474-1A3956D46DE8}") = "abc276", "abc276", "{25EBF947-EC48-48E2-909F-C381C1528F5D}"
EndProject
Project("{9A19103F-16F7-4668-BE54-9A1E7A4F7556}") = "Rightmost", "abc276\Rightmost\Rightmost.csproj", "{C91AB118-0022-452C-A471-F38442EAAE75}"
EndProject
Project("{2150E333-8FDC-42A3-9474-1A3956D46DE8}") = "abc278", "abc278", "{42878652-A594-40F2-9052-123341532B10}"
EndProject
Project("{9A19103F-16F7-4668-BE54-9A1E7A4F7556}") = "A", "abc278\Shift\A.csproj", "{BEA1B8B9-52C4-4307-952B-EADEFFCBF20D}"
EndProject
Project("{2150E333-8FDC-42A3-9474-1A3956D46DE8}") = "abc280", "abc280", "{29FF391E-E565-4A16-9FAC-1B7FCC061F5B}"
EndProject
Project("{9A19103F-16F7-4668-BE54-9A1E7A4F7556}") = "c", "abc280\ExtraCharacter\c.csproj", "{6A8C6661-D1BF-4F26-8042-A1F9FA10FD54}"
EndProject
Project("{9A19103F-16F7-4668-BE54-9A1E7A4F7556}") = "d", "abc280\FactorialAndMultiple\d.csproj", "{8A581775-1996-4FF0-95F6-3FF412445AA9}"
EndProject
Project("{9A19103F-16F7-4668-BE54-9A1E7A4F7556}") = "b", "abc280\InversePrefixSum\b.csproj", "{A0572D80-9A8A-4BBD-8D4F-5CE06F7334BA}"
EndProject
Project("{9A19103F-16F7-4668-BE54-9A1E7A4F7556}") = "abc280", "abc280\PawnOnAGrid\abc280.csproj", "{05110A6E-9A9F-4B69-9A09-0AF12F15986A}"
EndProject
Project("{2150E333-8FDC-42A3-9474-1A3956D46DE8}") = "abc317", "abc317", "{F4F8CCB3-7463-4FAE-8A26-A7280FF4B5B4}"
EndProject
Project("{9A19103F-16F7-4668-BE54-9A1E7A4F7556}") = "MissingNo", "abc317\MissingNo\MissingNo.csproj", "{3320FAC8-7D3F-43AD-A423-3E2AED2A2ACE}"
EndProject
Project("{9A19103F-16F7-4668-BE54-9A1E7A4F7556}") = "Potions", "abc317\Potions\Potions.csproj", "{46AB753E-388F-450C-85C5-B132B36146AE}"
EndProject
Project("{9A19103F-16F7-4668-BE54-9A1E7A4F7556}") = "RememberingTheDays", "abc317\RememberingTheDays\RememberingTheDays.csproj", "{F0B66B9D-FAA3-486F-9AB5-F4540A76CB44}"
EndProject
Project("{2150E333-8FDC-42A3-9474-1A3956D46DE8}") = "abc318", "abc318", "{6701477A-D2F6-457F-A10C-C0F0E45BD437}"
EndProject
Project("{9A19103F-16F7-4668-BE54-9A1E7A4F7556}") = "BlueSpring", "abc318\BlueSpring\BlueSpring.csproj", "{F9276108-40B6-4820-BFB8-6792294D730C}"
EndProject
Project("{9A19103F-16F7-4668-BE54-9A1E7A4F7556}") = "FullMoon", "abc318\FullMoon\FullMoon.csproj", "{4B7F9DB7-F64F-4B55-BEDE-85A3E34120FF}"
EndProject
Project("{9A19103F-16F7-4668-BE54-9A1E7A4F7556}") = "OverlappingSheets", "abc318\OverlappingSheets\OverlappingSheets.csproj", "{63BCB3A7-63F0-4885-BAE0-A1EFAB0F6E37}"
EndProject
Project("{2150E333-8FDC-42A3-9474-1A3956D46DE8}") = "abc319", "abc319", "{8638D1BC-3880-427D-876F-57524E441468}"
EndProject
Project("{9A19103F-16F7-4668-BE54-9A1E7A4F7556}") = "LegendaryPlayers", "abc319\LegendaryPlayers\LegendaryPlayers.csproj", "{D6BEE3B4-383D-4435-B9B4-01069D28FEB7}"
EndProject
Project("{9A19103F-16F7-4668-BE54-9A1E7A4F7556}") = "Measure", "abc319\Measure\Measure.csproj", "{FF0D311F-6E27-493C-8008-032E3C51CFA8}"
EndProject
Project("{2150E333-8FDC-42A3-9474-1A3956D46DE8}") = "abc320", "abc320", "{B0CFD2FA-099E-453B-AB57-DCD8BCF8670F}"
EndProject
Project("{9A19103F-16F7-4668-BE54-9A1E7A4F7556}") = "LongestPalindrome", "abc320\LongestPalindrome\LongestPalindrome.csproj", "{13082C21-35F0-4B08-BCDD-26A195A0D767}"
EndProject
Project("{2150E333-8FDC-42A3-9474-1A3956D46DE8}") = "abc321", "abc321", "{A8D66FE2-B2E6-4DF0-8BF4-9F78B216F4D0}"
EndProject
Project("{9A19103F-16F7-4668-BE54-9A1E7A4F7556}") = "321likeChecker", "abc321\321likeChecker\321likeChecker.csproj", "{02358B9F-C28B-4944-8270-F4B78BC96893}"
EndProject
Project("{9A19103F-16F7-4668-BE54-9A1E7A4F7556}") = "321likeSearcher", "abc321\321likeSearcher\321likeSearcher.csproj", "{D3764827-8A13-426C-B4A4-7305C3476930}"
EndProject
Project("{9A19103F-16F7-4668-BE54-9A1E7A4F7556}") = "Cutoff", "abc321\Cutoff\Cutoff.csproj", "{1B35DA11-546A-4D69-888F-12714E23AE3A}"
EndProject
Project("{2150E333-8FDC-42A3-9474-1A3956D46DE8}") = "abc322", "abc322", "{B9D58D20-6B7A-4050-B50A-3F5C4A4A3734}"
EndProject
Project("{9A19103F-16F7-4668-BE54-9A1E7A4F7556}") = "Festival", "abc322\Festival\Festival.csproj", "{63DD61FF-3F57-4ABC-B6F8-5EBBC668BBA1}"
EndProject
Project("{9A19103F-16F7-4668-BE54-9A1E7A4F7556}") = "FirstABC2", "abc322\FirstABC2\FirstABC2.csproj", "{832260C2-06BE-46E6-AF29-14AA4B50DD2D}"
EndProject
Project("{9A19103F-16F7-4668-BE54-9A1E7A4F7556}") = "PrefixAndSuffix", "abc322\PrefixAndSuffix\PrefixAndSuffix.csproj", "{3B2F1DCB-4B7F-4654-AE3C-583AC88A9D4A}"
EndProject
Project("{2150E333-8FDC-42A3-9474-1A3956D46DE8}") = "abc323", "abc323", "{D3919244-B0C7-49D9-8E22-3FE77B8EE3FC}"
EndProject
Project("{9A19103F-16F7-4668-BE54-9A1E7A4F7556}") = "MergeSlimes", "abc323\MergeSlimes\MergeSlimes.csproj", "{C7817EA8-41A9-4A84-87FC-701E305ACA95}"
EndProject
Project("{9A19103F-16F7-4668-BE54-9A1E7A4F7556}") = "RoundRobinTournament", "abc323\RoundRobinTournament\RoundRobinTournament.csproj", "{F3E5D9A5-FFCC-46B2-8358-F479D5F7312F}"
EndProject
Project("{9A19103F-16F7-4668-BE54-9A1E7A4F7556}") = "WeakBeats", "abc323\WeakBeats\WeakBeats.csproj", "{9A8F0A10-C6F6-46F4-9D00-B7140A3259FE}"
EndProject
Project("{9A19103F-16F7-4668-BE54-9A1E7A4F7556}") = "WorldTourFinals", "abc323\WorldTourFinals\WorldTourFinals.csproj", "{DA55791F-9985-4112-A4F7-08C85C59CAA4}"
EndProject
Project("{2150E333-8FDC-42A3-9474-1A3956D46DE8}") = "practice_contest", "practice_contest", "{E054D597-4358-4BB5-9F09-0071ABEFECD0}"
EndProject
Project("{9A19103F-16F7-4668-BE54-9A1E7A4F7556}") = "ABC086A_Product", "practice_contest\ABC086A_Product\ABC086A_Product.csproj", "{B1B6BC29-CA9E-4DA8-AC45-83A045E271E7}"
EndProject
Project("{9A19103F-16F7-4668-BE54-9A1E7A4F7556}") = "A_welcome_to_AtCoder", "practice_contest\A_welcome_to_AtCoder\A_welcome_to_AtCoder.csproj", "{FE48217C-9505-4771-98B8-30FF3E91B4FA}"
EndProject
Global
	GlobalSection(SolutionConfigurationPlatforms) = preSolution
		Debug|Any CPU = Debug|Any CPU
		Release|Any CPU = Release|Any CPU
	EndGlobalSection
	GlobalSection(ProjectConfigurationPlatforms) = postSolution
		{827E28B0-E8B7-4314-86FC-19CC06019C82}.Debug|Any CPU.ActiveCfg = Debug|Any CPU
		{827E28B0-E8B7-4314-86FC-19CC06019C82}.Debug|Any CPU.Build.0 = Debug|Any CPU
		{827E28B0-E8B7-4314-86FC-19CC06019C82}.Release|Any CPU.ActiveCfg = Release|Any CPU
		{827E28B0-E8B7-4314-86FC-19CC06019C82}.Release|Any CPU.Build.0 = Release|Any CPU
		{C91AB118-0022-452C-A471-F38442EAAE75}.Debug|Any CPU.ActiveCfg = Debug|Any CPU
		{C91AB118-0022-452C-A471-F38442EAAE75}.Debug|Any CPU.Build.0 = Debug|Any CPU
		{C91AB118-0022-452C-A471-F38442EAAE75}.Release|Any CPU.ActiveCfg = Release|Any CPU
		{C91AB118-0022-452C-A471-F38442EAAE75}.Release|Any CPU.Build.0 = Release|Any CPU
		{BEA1B8B9-52C4-4307-952B-EADEFFCBF20D}.Debug|Any CPU.ActiveCfg = Debug|Any CPU
		{BEA1B8B9-52C4-4307-952B-EADEFFCBF20D}.Debug|Any CPU.Build.0 = Debug|Any CPU
		{BEA1B8B9-52C4-4307-952B-EADEFFCBF20D}.Release|Any CPU.ActiveCfg = Release|Any CPU
		{BEA1B8B9-52C4-4307-952B-EADEFFCBF20D}.Release|Any CPU.Build.0 = Release|Any CPU
		{6A8C6661-D1BF-4F26-8042-A1F9FA10FD54}.Debug|Any CPU.ActiveCfg = Debug|Any CPU
		{6A8C6661-D1BF-4F26-8042-A1F9FA10FD54}.Debug|Any CPU.Build.0 = Debug|Any CPU
		{6A8C6661-D1BF-4F26-8042-A1F9FA10FD54}.Release|Any CPU.ActiveCfg = Release|Any CPU
		{6A8C6661-D1BF-4F26-8042-A1F9FA10FD54}.Release|Any CPU.Build.0 = Release|Any CPU
		{8A581775-1996-4FF0-95F6-3FF412445AA9}.Debug|Any CPU.ActiveCfg = Debug|Any CPU
		{8A581775-1996-4FF0-95F6-3FF412445AA9}.Debug|Any CPU.Build.0 = Debug|Any CPU
		{8A581775-1996-4FF0-95F6-3FF412445AA9}.Release|Any CPU.ActiveCfg = Release|Any CPU
		{8A581775-1996-4FF0-95F6-3FF412445AA9}.Release|Any CPU.Build.0 = Release|Any CPU
		{A0572D80-9A8A-4BBD-8D4F-5CE06F7334BA}.Debug|Any CPU.ActiveCfg = Debug|Any CPU
		{A0572D80-9A8A-4BBD-8D4F-5CE06F7334BA}.Debug|Any CPU.Build.0 = Debug|Any CPU
		{A0572D80-9A8A-4BBD-8D4F-5CE06F7334BA}.Release|Any CPU.ActiveCfg = Release|Any CPU
		{A0572D80-9A8A-4BBD-8D4F-5CE06F7334BA}.Release|Any CPU.Build.0 = Release|Any CPU
		{05110A6E-9A9F-4B69-9A09-0AF12F15986A}.Debug|Any CPU.ActiveCfg = Debug|Any CPU
		{05110A6E-9A9F-4B69-9A09-0AF12F15986A}.Debug|Any CPU.Build.0 = Debug|Any CPU
		{05110A6E-9A9F-4B69-9A09-0AF12F15986A}.Release|Any CPU.ActiveCfg = Release|Any CPU
		{05110A6E-9A9F-4B69-9A09-0AF12F15986A}.Release|Any CPU.Build.0 = Release|Any CPU
		{3320FAC8-7D3F-43AD-A423-3E2AED2A2ACE}.Debug|Any CPU.ActiveCfg = Debug|Any CPU
		{3320FAC8-7D3F-43AD-A423-3E2AED2A2ACE}.Debug|Any CPU.Build.0 = Debug|Any CPU
		{3320FAC8-7D3F-43AD-A423-3E2AED2A2ACE}.Release|Any CPU.ActiveCfg = Release|Any CPU
		{3320FAC8-7D3F-43AD-A423-3E2AED2A2ACE}.Release|Any CPU.Build.0 = Release|Any CPU
		{46AB753E-388F-450C-85C5-B132B36146AE}.Debug|Any CPU.ActiveCfg = Debug|Any CPU
		{46AB753E-388F-450C-85C5-B132B36146AE}.Debug|Any CPU.Build.0 = Debug|Any CPU
		{46AB753E-388F-450C-85C5-B132B36146AE}.Release|Any CPU.ActiveCfg = Release|Any CPU
		{46AB753E-388F-450C-85C5-B132B36146AE}.Release|Any CPU.Build.0 = Release|Any CPU
		{F0B66B9D-FAA3-486F-9AB5-F4540A76CB44}.Debug|Any CPU.ActiveCfg = Debug|Any CPU
		{F0B66B9D-FAA3-486F-9AB5-F4540A76CB44}.Debug|Any CPU.Build.0 = Debug|Any CPU
		{F0B66B9D-FAA3-486F-9AB5-F4540A76CB44}.Release|Any CPU.ActiveCfg = Release|Any CPU
		{F0B66B9D-FAA3-486F-9AB5-F4540A76CB44}.Release|Any CPU.Build.0 = Release|Any CPU
		{F9276108-40B6-4820-BFB8-6792294D730C}.Debug|Any CPU.ActiveCfg = Debug|Any CPU
		{F9276108-40B6-4820-BFB8-6792294D730C}.Debug|Any CPU.Build.0 = Debug|Any CPU
		{F9276108-40B6-4820-BFB8-6792294D730C}.Release|Any CPU.ActiveCfg = Release|Any CPU
		{F9276108-40B6-4820-BFB8-6792294D730C}.Release|Any CPU.Build.0 = Release|Any CPU
		{4B7F9DB7-F64F-4B55-BEDE-85A3E34120FF}.Debug|Any CPU.ActiveCfg = Debug|Any CPU
		{4B7F9DB7-F64F-4B55-BEDE-85A3E34120FF}.Debug|Any CPU.Build.0 = Debug|Any CPU
		{4B7F9DB7-F64F-4B55-BEDE-85A3E34120FF}.Release|Any CPU.ActiveCfg = Release|Any CPU
		{4B7F9DB7-F64F-4B55-BEDE-85A3E34120FF}.Release|Any CPU.Build.0 = Release|Any CPU
		{63BCB3A7-63F0-4885-BAE0-A1EFAB0F6E37}.Debug|Any CPU.ActiveCfg = Debug|Any CPU
		{63BCB3A7-63F0-4885-BAE0-A1EFAB0F6E37}.Debug|Any CPU.Build.0 = Debug|Any CPU
		{63BCB3A7-63F0-4885-BAE0-A1EFAB0F6E37}.Release|Any CPU.ActiveCfg = Release|Any CPU
		{63BCB3A7-63F0-4885-BAE0-A1EFAB0F6E37}.Release|Any CPU.Build.0 = Release|Any CPU
		{D6BEE3B4-383D-4435-B9B4-01069D28FEB7}.Debug|Any CPU.ActiveCfg = Debug|Any CPU
		{D6BEE3B4-383D-4435-B9B4-01069D28FEB7}.Debug|Any CPU.Build.0 = Debug|Any CPU
		{D6BEE3B4-383D-4435-B9B4-01069D28FEB7}.Release|Any CPU.ActiveCfg = Release|Any CPU
		{D6BEE3B4-383D-4435-B9B4-01069D28FEB7}.Release|Any CPU.Build.0 = Release|Any CPU
		{FF0D311F-6E27-493C-8008-032E3C51CFA8}.Debug|Any CPU.ActiveCfg = Debug|Any CPU
		{FF0D311F-6E27-493C-8008-032E3C51CFA8}.Debug|Any CPU.Build.0 = Debug|Any CPU
		{FF0D311F-6E27-493C-8008-032E3C51CFA8}.Release|Any CPU.ActiveCfg = Release|Any CPU
		{FF0D311F-6E27-493C-8008-032E3C51CFA8}.Release|Any CPU.Build.0 = Release|Any CPU
		{13082C21-35F0-4B08-BCDD-26A195A0D767}.Debug|Any CPU.ActiveCfg = Debug|Any CPU
		{13082C21-35F0-4B08-BCDD-26A195A0D767}.Debug|Any CPU.Build.0 = Debug|Any CPU
		{13082C21-35F0-4B08-BCDD-26A195A0D767}.Release|Any CPU.ActiveCfg = Release|Any CPU
		{13082C21-35F0-4B08-BCDD-26A195A0D767}.Release|Any CPU.Build.0 = Release|Any CPU
		{02358B9F-C28B-4944-8270-F4B78BC96893}.Debug|Any CPU.ActiveCfg = Debug|Any CPU
		{02358B9F-C28B-4944-8270-F4B78BC96893}.Debug|Any CPU.Build.0 = Debug|Any CPU
		{02358B9F-C28B-4944-8270-F4B78BC96893}.Release|Any CPU.ActiveCfg = Release|Any CPU
		{02358B9F-C28B-4944-8270-F4B78BC96893}.Release|Any CPU.Build.0 = Release|Any CPU
		{D3764827-8A13-426C-B4A4-7305C3476930}.Debug|Any CPU.ActiveCfg = Debug|Any CPU
		{D3764827-8A13-426C-B4A4-7305C3476930}.Debug|Any CPU.Build.0 = Debug|Any CPU
		{D3764827-8A13-426C-B4A4-7305C3476930}.Release|Any CPU.ActiveCfg = Release|Any CPU
		{D3764827-8A13-426C-B4A4-7305C3476930}.Release|Any CPU.Build.0 = Release|Any CPU
		{1B35DA11-546A-4D69-888F-12714E23AE3A}.Debug|Any CPU.ActiveCfg = Debug|Any CPU
		{1B35DA11-546A-4D69-888F-12714E23AE3A}.Debug|Any CPU.Build.0 = Debug|Any CPU
		{1B35DA11-546A-4D69-888F-12714E23AE3A}.Release|Any CPU.ActiveCfg = Release|Any CPU
		{1B35DA11-546A-4D69-888F-12714E23AE3A}.Release|Any CPU.Build.0 = Release|Any CPU
		{63DD61FF-3F57-4ABC-B6F8-5EBBC668BBA1}.Debug|Any CPU.ActiveCfg = Debug|Any CPU
		{63DD61FF-3F57-4ABC-B6F8-5EBBC668BBA1}.Debug|Any CPU.Build.0 = Debug|Any CPU
		{63DD61FF-3F57-4ABC-B6F8-5EBBC668BBA1}.Release|Any CPU.ActiveCfg = Release|Any CPU
		{63DD61FF-3F57-4ABC-B6F8-5EBBC668BBA1}.Release|Any CPU.Build.0 = Release|Any CPU
		{832260C2-06BE-46E6-AF29-14AA4B50DD2D}.Debug|Any CPU.ActiveCfg = Debug|Any CPU
		{832260C2-06BE-46E6-AF29-14AA4B50DD2D}.Debug|Any CPU.Build.0 = Debug|Any CPU
		{832260C2-06BE-46E6-AF29-14AA4B50DD2D}.Release|Any CPU.ActiveCfg = Release|Any CPU
		{832260C2-06BE-46E6-AF29-14AA4B50DD2D}.Release|Any CPU.Build.0 = Release|Any CPU
		{3B2F1DCB-4B7F-4654-AE3C-583AC88A9D4A}.Debug|Any CPU.ActiveCfg = Debug|Any CPU
		{3B2F1DCB-4B7F-4654-AE3C-583AC88A9D4A}.Debug|Any CPU.Build.0 = Debug|Any CPU
		{3B2F1DCB-4B7F-4654-AE3C-583AC88A9D4A}.Release|Any CPU.ActiveCfg = Release|Any CPU
		{3B2F1DCB-4B7F-4654-AE3C-583AC88A9D4A}.Release|Any CPU.Build.0 = Release|Any CPU
		{C7817EA8-41A9-4A84-87FC-701E305ACA95}.Debug|Any CPU.ActiveCfg = Debug|Any CPU
		{C7817EA8-41A9-4A84-87FC-701E305ACA95}.Debug|Any CPU.Build.0 = Debug|Any CPU
		{C7817EA8-41A9-4A84-87FC-701E305ACA95}.Release|Any CPU.ActiveCfg = Release|Any CPU
		{C7817EA8-41A9-4A84-87FC-701E305ACA95}.Release|Any CPU.Build.0 = Release|Any CPU
		{F3E5D9A5-FFCC-46B2-8358-F479D5F7312F}.Debug|Any CPU.ActiveCfg = Debug|Any CPU
		{F3E5D9A5-FFCC-46B2-8358-F479D5F7312F}.Debug|Any CPU.Build.0 = Debug|Any CPU
		{F3E5D9A5-FFCC-46B2-8358-F479D5F7312F}.Release|Any CPU.ActiveCfg = Release|Any CPU
		{F3E5D9A5-FFCC-46B2-8358-F479D5F7312F}.Release|Any CPU.Build.0 = Release|Any CPU
		{9A8F0A10-C6F6-46F4-9D00-B7140A3259FE}.Debug|Any CPU.ActiveCfg = Debug|Any CPU
		{9A8F0A10-C6F6-46F4-9D00-B7140A3259FE}.Debug|Any CPU.Build.0 = Debug|Any CPU
		{9A8F0A10-C6F6-46F4-9D00-B7140A3259FE}.Release|Any CPU.ActiveCfg = Release|Any CPU
		{9A8F0A10-C6F6-46F4-9D00-B7140A3259FE}.Release|Any CPU.Build.0 = Release|Any CPU
		{DA55791F-9985-4112-A4F7-08C85C59CAA4}.Debug|Any CPU.ActiveCfg = Debug|Any CPU
		{DA55791F-9985-4112-A4F7-08C85C59CAA4}.Debug|Any CPU.Build.0 = Debug|Any CPU
		{DA55791F-9985-4112-A4F7-08C85C59CAA4}.Release|Any CPU.ActiveCfg = Release|Any CPU
		{DA55791F-9985-4112-A4F7-08C85C59CAA4}.Release|Any CPU.Build.0 = Release|Any CPU
		{B1B6BC29-CA9E-4DA8-AC45-83A045E271E7}.Debug|Any CPU.ActiveCfg = Debug|Any CPU
		{B1B6BC29-CA9E-4DA8-AC45-83A045E271E7}.Debug|Any CPU.Build.0 = Debug|Any CPU
		{B1B6BC29-CA9E-4DA8-AC45-83A045E271E7}.Release|Any CPU.ActiveCfg = Release|Any CPU
		{B1B6BC29-CA9E-4DA8-AC45-83A045E271E7}.Release|Any CPU.Build.0 = Release|Any CPU
		{FE48217C-9505-4771-98B8-30FF3E91B4FA}.Debug|Any CPU.ActiveCfg = Debug|Any CPU
		{FE48217C-9505-4771-98B8-30FF3E91B4FA}.Debug|Any CPU.Build.0 = Debug|Any CPU
		{FE48217C-9505-4771-98B8-30FF3E91B4FA}.Release|Any CPU.ActiveCfg = Release|Any CPU
		{FE48217C-9505-4771-98B8-30FF3E91B4FA}.Release|Any CPU.Build.0 = Release|Any CPU
	EndGlobalSection
	GlobalSection(SolutionProperties) = preSolution
		HideSolutionNode = FALSE
	EndGlobalSection
	GlobalSection(NestedProjects) = preSolution
		{C91AB118-0022-452C-A471-F38442EAAE75} = {25EBF947-EC48-48E2-909F-C381C1528F5D}
		{BEA1B8B9-52C4-4307-952B-EADEFFCBF20D} = {42878652-A594-40F2-9052-123341532B10}
		{6A8C6661-D1BF-4F26-8042-A1F9FA10FD54} = {29FF391E-E565-4A16-9FAC-1B7FCC061F5B}
		{8A581775-1996-4FF0-95F6-3FF412445AA9} = {29FF391E-E565-4A16-9FAC-1B7FCC061F5B}
		{A0572D80-9A8A-4BBD-8D4F-5CE06F7334BA} = {29FF391E-E565-4A16-9FAC-1B7FCC061F5B}
		{05110A6E-9A9F-4B69-9A09-0AF12F15986A} = {29FF391E-E565-4A16-9FAC-1B7FCC061F5B}
		{3320FAC8-7D3F-43AD-A423-3E2AED2A2ACE} = {F4F8CCB3-7463-4FAE-8A26-A7280FF4B5B4}
		{46AB753E-388F-450C-85C5-B132B36146AE} = {F4F8CCB3-7463-4FAE-8A26-A7280FF4B5B4}
		{F0B66B9D-FAA3-486F-9AB5-F4540A76CB44} = {F4F8CCB3-7463-4FAE-8A26-A7280FF4B5B4}
		{F9276108-40B6-4820-BFB8-6792294D730C} = {6701477A-D2F6-457F-A10C-C0F0E45BD437}
		{4B7F9DB7-F64F-4B55-BEDE-85A3E34120FF} = {6701477A-D2F6-457F-A10C-C0F0E45BD437}
		{63BCB3A7-63F0-4885-BAE0-A1EFAB0F6E37} = {6701477A-D2F6-457F-A10C-C0F0E45BD437}
		{D6BEE3B4-383D-4435-B9B4-01069D28FEB7} = {8638D1BC-3880-427D-876F-57524E441468}
		{FF0D311F-6E27-493C-8008-032E3C51CFA8} = {8638D1BC-3880-427D-876F-57524E441468}
		{13082C21-35F0-4B08-BCDD-26A195A0D767} = {B0CFD2FA-099E-453B-AB57-DCD8BCF8670F}
		{02358B9F-C28B-4944-8270-F4B78BC96893} = {A8D66FE2-B2E6-4DF0-8BF4-9F78B216F4D0}
		{D3764827-8A13-426C-B4A4-7305C3476930} = {A8D66FE2-B2E6-4DF0-8BF4-9F78B216F4D0}
		{1B35DA11-546A-4D69-888F-12714E23AE3A} = {A8D66FE2-B2E6-4DF0-8BF4-9F78B216F4D0}
		{63DD61FF-3F57-4ABC-B6F8-5EBBC668BBA1} = {B9D58D20-6B7A-4050-B50A-3F5C4A4A3734}
		{832260C2-06BE-46E6-AF29-14AA4B50DD2D} = {B9D58D20-6B7A-4050-B50A-3F5C4A4A3734}
		{3B2F1DCB-4B7F-4654-AE3C-583AC88A9D4A} = {B9D58D20-6B7A-4050-B50A-3F5C4A4A3734}
		{C7817EA8-41A9-4A84-87FC-701E305ACA95} = {D3919244-B0C7-49D9-8E22-3FE77B8EE3FC}
		{F3E5D9A5-FFCC-46B2-8358-F479D5F7312F} = {D3919244-B0C7-49D9-8E22-3FE77B8EE3FC}
		{9A8F0A10-C6F6-46F4-9D00-B7140A3259FE} = {D3919244-B0C7-49D9-8E22-3FE77B8EE3FC}
		{DA55791F-9985-4112-A4F7-08C85C59CAA4} = {D3919244-B0C7-49D9-8E22-3FE77B8EE3FC}
		{B1B6BC29-CA9E-4DA8-AC45-83A045E271E7} = {E054D597-4358-4BB5-9F09-0071ABEFECD0}
		{FE48217C-9505-4771-98B8-30FF3E91B4FA} = {E054D597-4358-4BB5-9F09-0071ABEFECD0}
	EndGlobalSection
	GlobalSection(ExtensibilityGlobals) = postSolution
		SolutionGuid = {0E0BC4A7-CA44-4185-8314-48FAA98BCF1B}
	EndGlobalSection
EndGlobal
